python==3.13.9
torch==2.13.0
transformers==5.14.1
peft==0.19.1
flash-linear-attention==0.5.2
causal-conv1d==1.6.2.post1
datasets==4.4.1
sentence-transformers==5.2.3
faiss-cpu==1.13.2
docker==7.1.0
alfworld==0.5.0
textworld==1.7.0
fast-downward-textworld==20.6.4
spacy==3.8.15
en-core-web-sm==3.8.0
beautifulsoup4==4.11.1
cleantext==1.1.4
flask==2.1.2
werkzeug==2.1.2
gym==0.26.2
pyserini==0.17.0
pyjnius==1.7.0
onnxruntime==1.22.1
selenium==4.2.0
rank-bm25==0.2.2
thefuzz==0.19.0
chardet==5.2.0
ghapi==2.0.5
fastcore==2.1.16
fastspec==0.1.3
GitPython==3.1.57
pre-commit==4.6.1
python-dotenv==1.2.2
requests==2.32.5
rich==15.0.0
unidiff==1.0.0
tqdm==4.70.0
openai==2.6.1
pyyaml==6.0.3
